// !$*UTF8*$!
{
	archiveVersion = 1;
	classes = {
	};
	objectVersion = 48;
	objects = {

/* Begin PBXBuildFile section */
		2A27A6C12047DFCF00A56ABF /* AppDelegate.swift in Sources */ = {isa = PBXBuildFile; fileRef = 2A27A6C02047DFCF00A56ABF /* AppDelegate.swift */; };
		2A27A6C32047DFCF00A56ABF /* ViewController.swift in Sources */ = {isa = PBXBuildFile; fileRef = 2A27A6C22047DFCF00A56ABF /* ViewController.swift */; };
		2A27A6C62047DFCF00A56ABF /* Main.storyboard in Resources */ = {isa = PBXBuildFile; fileRef = 2A27A6C42047DFCF00A56ABF /* Main.storyboard */; };
		2A27A6C92047DFCF00A56ABF /* iosrealcom.xcdatamodeld in Sources */ = {isa = PBXBuildFile; fileRef = 2A27A6C72047DFCF00A56ABF /* iosrealcom.xcdatamodeld */; };
		2A27A6CB2047DFCF00A56ABF /* Assets.xcassets in Resources */ = {isa = PBXBuildFile; fileRef = 2A27A6CA2047DFCF00A56ABF /* Assets.xcassets */; };
		2A27A6CE2047DFCF00A56ABF /* LaunchScreen.storyboard in Resources */ = {isa = PBXBuildFile; fileRef = 2A27A6CC2047DFCF00A56ABF /* LaunchScreen.storyboard */; };
		6374350DF4684E22B57FE4A6 /* Pods_iosrealcom.framework in Frameworks */ = {isa = PBXBuildFile; fileRef = 6690C636A04208A86F1BF487 /* Pods_iosrealcom.framework */; };
/* End PBXBuildFile section */

/* Begin PBXFileReference section */
		2A27A6BD2047DFCF00A56ABF /* iosrealcom.app */ = {isa = PBXFileReference; explicitFileType = wrapper.application; includeInIndex = 0; path = iosrealcom.app; sourceTree = BUILT_PRODUCTS_DIR; };
		2A27A6C02047DFCF00A56ABF /* AppDelegate.swift */ = {isa = PBXFileReference; lastKnownFileType = sourcecode.swift; path = AppDelegate.swift; sourceTree = "<group>"; };
		2A27A6C22047DFCF00A56ABF /* ViewController.swift */ = {isa = PBXFileReference; lastKnownFileType = sourcecode.swift; path = ViewController.swift; sourceTree = "<group>"; };
		2A27A6C52047DFCF00A56ABF /* Base */ = {isa = PBXFileReference; lastKnownFileType = file.storyboard; name = Base; path = Base.lproj/Main.storyboard; sourceTree = "<group>"; };
		2A27A6C82047DFCF00A56ABF /* iosrealcom.xcdatamodel */ = {isa = PBXFileReference; lastKnownFileType = wrapper.xcdatamodel; path = iosrealcom.xcdatamodel; sourceTree = "<group>"; };
		2A27A6CA2047DFCF00A56ABF /* Assets.xcassets */ = {isa = PBXFileReference; lastKnownFileType = folder.assetcatalog; path = Assets.xcassets; sourceTree = "<group>"; };
		2A27A6CD2047DFCF00A56ABF /* Base */ = {isa = PBXFileReference; lastKnownFileType = file.storyboard; name = Base; path = Base.lproj/LaunchScreen.storyboard; sourceTree = "<group>"; };
		2A27A6CF2047DFCF00A56ABF /* Info.plist */ = {isa = PBXFileReference; lastKnownFileType = text.plist.xml; path = Info.plist; sourceTree = "<group>"; };
		314D3A035EA507D5D45A148D /* Pods-iosrealcom.release.xcconfig */ = {isa = PBXFileReference; includeInIndex = 1; lastKnownFileType = text.xcconfig; name = "Pods-iosrealcom.release.xcconfig"; path = "Pods/Target Support Files/Pods-iosrealcom/Pods-iosrealcom.release.xcconfig"; sourceTree = "<group>"; };
		6690C636A04208A86F1BF487 /* Pods_iosrealcom.framework */ = {isa = PBXFileReference; explicitFileType = wrapper.framework; includeInIndex = 0; path = Pods_iosrealcom.framework; sourceTree = BUILT_PRODUCTS_DIR; };
		777AA2F1DF6AC60A67B7DEC9 /* Pods-iosrealcom.debug.xcconfig */ = {isa = PBXFileReference; includeInIndex = 1; lastKnownFileType = text.xcconfig; name = "Pods-iosrealcom.debug.xcconfig"; path = "Pods/Target Support Files/Pods-iosrealcom/Pods-iosrealcom.debug.xcconfig"; sourceTree = "<group>"; };
/* End PBXFileReference section */

/* Begin PBXFrameworksBuildPhase section */
		2A27A6BA2047DFCF00A56ABF /* Frameworks */ = {
			isa = PBXFrameworksBuildPhase;
			buildActionMask = 2147483647;
			files = (
				6374350DF4684E22B57FE4A6 /* Pods_iosrealcom.framework in Frameworks */,
			);
			runOnlyForDeploymentPostprocessing = 0;
		};
/* End PBXFrameworksBuildPhase section */

/* Begin PBXGroup section */
		2A27A6B42047DFCF00A56ABF = {
			isa = PBXGroup;
			children = (
				2A27A6BF2047DFCF00A56ABF /* iosrealcom */,
				2A27A6BE2047DFCF00A56ABF /* Products */,
				FD4CF5B34A750D88FA0C480A /* Pods */,
				FF94C789F0572C3954EB0280 /* Frameworks */,
			);
			sourceTree = "<group>";
		};
		2A27A6BE2047DFCF00A56ABF /* Products */ = {
			isa = PBXGroup;
			children = (
				2A27A6BD2047DFCF00A56ABF /* iosrealcom.app */,
			);
			name = Products;
			sourceTree = "<group>";
		};
		2A27A6BF2047DFCF00A56ABF /* iosrealcom */ = {
			isa = PBXGroup;
			children = (
				2A27A6C02047DFCF00A56ABF /* AppDelegate.swift */,
				2A27A6C22047DFCF00A56ABF /* ViewController.swift */,
				2A27A6C42047DFCF00A56ABF /* Main.storyboard */,
				2A27A6CA2047DFCF00A56ABF /* Assets.xcassets */,
				2A27A6CC2047DFCF00A56ABF /* LaunchScreen.storyboard */,
				2A27A6CF2047DFCF00A56ABF /* Info.plist */,
				2A27A6C72047DFCF00A56ABF /* iosrealcom.xcdatamodeld */,
			);
			path = iosrealcom;
			sourceTree = "<group>";
		};
		FD4CF5B34A750D88FA0C480A /* Pods */ = {
			isa = PBXGroup;
			children = (
				777AA2F1DF6AC60A67B7DEC9 /* Pods-iosrealcom.debug.xcconfig */,
				314D3A035EA507D5D45A148D /* Pods-iosrealcom.release.xcconfig */,
			);
			name = Pods;
			sourceTree = "<group>";
		};
		FF94C789F0572C3954EB0280 /* Frameworks */ = {
			isa = PBXGroup;
			children = (
				6690C636A04208A86F1BF487 /* Pods_iosrealcom.framework */,
			);
			name = Frameworks;
			sourceTree = "<group>";
		};
/* End PBXGroup section */

/* Begin PBXNativeTarget section */
		2A27A6BC2047DFCF00A56ABF /* iosrealcom */ = {
			isa = PBXNativeTarget;
			buildConfigurationList = 2A27A6D22047DFCF00A56ABF /* Build configuration list for PBXNativeTarget "iosrealcom" */;
			buildPhases = (
				D396F0DB8B357028E2D846DF /* [CP] Check Pods Manifest.lock */,
				2A27A6B92047DFCF00A56ABF /* Sources */,
				2A27A6BA2047DFCF00A56ABF /* Frameworks */,
				2A27A6BB2047DFCF00A56ABF /* Resources */,
				BABA5486980FE632064BC1E1 /* [CP] Embed Pods Frameworks */,
				BCDB68239943852B4FF3C2DA /* [CP] Copy Pods Resources */,
			);
			buildRules = (
			);
			dependencies = (
			);
			name = iosrealcom;
			productName = iosrealcom;
			productReference = 2A27A6BD2047DFCF00A56ABF /* iosrealcom.app */;
			productType = "com.apple.product-type.application";
		};
/* End PBXNativeTarget section */

/* Begin PBXProject section */
		2A27A6B52047DFCF00A56ABF /* Project object */ = {
			isa = PBXProject;
			attributes = {
				LastSwiftUpdateCheck = 0920;
				LastUpgradeCheck = 0920;
				ORGANIZATIONNAME = nearhop;
				TargetAttributes = {
					2A27A6BC2047DFCF00A56ABF = {
						CreatedOnToolsVersion = 9.2;
						ProvisioningStyle = Automatic;
					};
				};
			};
			buildConfigurationList = 2A27A6B82047DFCF00A56ABF /* Build configuration list for PBXProject "iosrealcom" */;
			compatibilityVersion = "Xcode 8.0";
			developmentRegion = en;
			hasScannedForEncodings = 0;
			knownRegions = (
				en,
				Base,
			);
			mainGroup = 2A27A6B42047DFCF00A56ABF;
			productRefGroup = 2A27A6BE2047DFCF00A56ABF /* Products */;
			projectDirPath = "";
			projectRoot = "";
			targets = (
				2A27A6BC2047DFCF00A56ABF /* iosrealcom */,
			);
		};
/* End PBXProject section */

/* Begin PBXResourcesBuildPhase section */
		2A27A6BB2047DFCF00A56ABF /* Resources */ = {
			isa = PBXResourcesBuildPhase;
			buildActionMask = 2147483647;
			files = (
				2A27A6CE2047DFCF00A56ABF /* LaunchScreen.storyboard in Resources */,
				2A27A6CB2047DFCF00A56ABF /* Assets.xcassets in Resources */,
				2A27A6C62047DFCF00A56ABF /* Main.storyboard in Resources */,
			);
			runOnlyForDeploymentPostprocessing = 0;
		};
/* End PBXResourcesBuildPhase section */

/* Begin PBXShellScriptBuildPhase section */
		BABA5486980FE632064BC1E1 /* [CP] Embed Pods Frameworks */ = {
			isa = PBXShellScriptBuildPhase;
			buildActionMask = 2147483647;
			files = (
			);
			inputPaths = (
				"${SRCROOT}/Pods/Target Support Files/Pods-iosrealcom/Pods-iosrealcom-frameworks.sh",
				"${BUILT_PRODUCTS_DIR}/PKHUD/PKHUD.framework",
				"${BUILT_PRODUCTS_DIR}/SwiftWebSocket/SwiftWebSocket.framework",
			);
			name = "[CP] Embed Pods Frameworks";
			outputPaths = (
				"${TARGET_BUILD_DIR}/${FRAMEWORKS_FOLDER_PATH}/PKHUD.framework",
				"${TARGET_BUILD_DIR}/${FRAMEWORKS_FOLDER_PATH}/SwiftWebSocket.framework",
			);
			runOnlyForDeploymentPostprocessing = 0;
			shellPath = /bin/sh;
			shellScript = "\"${SRCROOT}/Pods/Target Support Files/Pods-iosrealcom/Pods-iosrealcom-frameworks.sh\"\n";
			showEnvVarsInLog = 0;
		};
		BCDB68239943852B4FF3C2DA /* [CP] Copy Pods Resources */ = {
			isa = PBXShellScriptBuildPhase;
			buildActionMask = 2147483647;
			files = (
			);
			inputPaths = (
			);
			name = "[CP] Copy Pods Resources";
			outputPaths = (
			);
			runOnlyForDeploymentPostprocessing = 0;
			shellPath = /bin/sh;
			shellScript = "\"${SRCROOT}/Pods/Target Support Files/Pods-iosrealcom/Pods-iosrealcom-resources.sh\"\n";
			showEnvVarsInLog = 0;
		};
		D396F0DB8B357028E2D846DF /* [CP] Check Pods Manifest.lock */ = {
			isa = PBXShellScriptBuildPhase;
			buildActionMask = 2147483647;
			files = (
			);
			inputPaths = (
				"${PODS_PODFILE_DIR_PATH}/Podfile.lock",
				"${PODS_ROOT}/Manifest.lock",
			);
			name = "[CP] Check Pods Manifest.lock";
			outputPaths = (
				"$(DERIVED_FILE_DIR)/Pods-iosrealcom-checkManifestLockResult.txt",
			);
			runOnlyForDeploymentPostprocessing = 0;
			shellPath = /bin/sh;
			shellScript = "diff \"${PODS_PODFILE_DIR_PATH}/Podfile.lock\" \"${PODS_ROOT}/Manifest.lock\" > /dev/null\nif [ $? != 0 ] ; then\n    # print error to STDERR\n    echo \"error: The sandbox is not in sync with the Podfile.lock. Run 'pod install' or update your CocoaPods installation.\" >&2\n    exit 1\nfi\n# This output is used by Xcode 'outputs' to avoid re-running this script phase.\necho \"SUCCESS\" > \"${SCRIPT_OUTPUT_FILE_0}\"\n";
			showEnvVarsInLog = 0;
		};
/* End PBXShellScriptBuildPhase section */

/* Begin PBXSourcesBuildPhase section */
		2A27A6B92047DFCF00A56ABF /* Sources */ = {
			isa = PBXSourcesBuildPhase;
			buildActionMask = 2147483647;
			files = (
				2A27A6C92047DFCF00A56ABF /* iosrealcom.xcdatamodeld in Sources */,
				2A27A6C32047DFCF00A56ABF /* ViewController.swift in Sources */,
				2A27A6C12047DFCF00A56ABF /* AppDelegate.swift in Sources */,
			);
			runOnlyForDeploymentPostprocessing = 0;
		};
/* End PBXSourcesBuildPhase section */

/* Begin PBXVariantGroup section */
		2A27A6C42047DFCF00A56ABF /* Main.storyboard */ = {
			isa = PBXVariantGroup;
			children = (
				2A27A6C52047DFCF00A56ABF /* Base */,
			);
			name = Main.storyboard;
			sourceTree = "<group>";
		};
		2A27A6CC2047DFCF00A56ABF /* LaunchScreen.storyboard */ = {
			isa = PBXVariantGroup;
			children = (
				2A27A6CD2047DFCF00A56ABF /* Base */,
			);
			name = LaunchScreen.storyboard;
			sourceTree = "<group>";
		};
/* End PBXVariantGroup section */

/* Begin XCBuildConfiguration section */
		2A27A6D02047DFCF00A56ABF /* Debug */ = {
			isa = XCBuildConfiguration;
			buildSettings = {
				ALWAYS_SEARCH_USER_PATHS = NO;
				CLANG_ANALYZER_NONNULL = YES;
				CLANG_ANALYZER_NUMBER_OBJECT_CONVERSION = YES_AGGRESSIVE;
				CLANG_CXX_LANGUAGE_STANDARD = "gnu++14";
				CLANG_CXX_LIBRARY = "libc++";
				CLANG_ENABLE_MODULES = YES;
				CLANG_ENABLE_OBJC_ARC = YES;
				CLANG_WARN_BLOCK_CAPTURE_AUTORELEASING = YES;
				CLANG_WARN_BOOL_CONVERSION = YES;
				CLANG_WARN_COMMA = YES;
				CLANG_WARN_CONSTANT_CONVERSION = YES;
				CLANG_WARN_DIRECT_OBJC_ISA_USAGE = YES_ERROR;
				CLANG_WARN_DOCUMENTATION_COMMENTS = YES;
				CLANG_WARN_EMPTY_BODY = YES;
				CLANG_WARN_ENUM_CONVERSION = YES;
				CLANG_WARN_INFINITE_RECURSION = YES;
				CLANG_WARN_INT_CONVERSION = YES;
				CLANG_WARN_NON_LITERAL_NULL_CONVERSION = YES;
				CLANG_WARN_OBJC_LITERAL_CONVERSION = YES;
				CLANG_WARN_OBJC_ROOT_CLASS = YES_ERROR;
				CLANG_WARN_RANGE_LOOP_ANALYSIS = YES;
				CLANG_WARN_STRICT_PROTOTYPES = YES;
				CLANG_WARN_SUSPICIOUS_MOVE = YES;
				CLANG_WARN_UNGUARDED_AVAILABILITY = YES_AGGRESSIVE;
				CLANG_WARN_UNREACHABLE_CODE = YES;
				CLANG_WARN__DUPLICATE_METHOD_MATCH = YES;
				CODE_SIGN_IDENTITY = "iPhone Developer";
				COPY_PHASE_STRIP = NO;
				DEBUG_INFORMATION_FORMAT = dwarf;
				ENABLE_STRICT_OBJC_MSGSEND = YES;
				ENABLE_TESTABILITY = YES;
				GCC_C_LANGUAGE_STANDARD = gnu11;
				GCC_DYNAMIC_NO_PIC = NO;
				GCC_NO_COMMON_BLOCKS = YES;
				GCC_OPTIMIZATION_LEVEL = 0;
				GCC_PREPROCESSOR_DEFINITIONS = (
					"DEBUG=1",
					"$(inherited)",
				);
				GCC_WARN_64_TO_32_BIT_CONVERSION = YES;
				GCC_WARN_ABOUT_RETURN_TYPE = YES_ERROR;
				GCC_WARN_UNDECLARED_SELECTOR = YES;
				GCC_WARN_UNINITIALIZED_AUTOS = YES_AGGRESSIVE;
				GCC_WARN_UNUSED_FUNCTION = YES;
				GCC_WARN_UNUSED_VARIABLE = YES;
				IPHONEOS_DEPLOYMENT_TARGET = 11.2;
				MTL_ENABLE_DEBUG_INFO = YES;
				ONLY_ACTIVE_ARCH = YES;
				SDKROOT = iphoneos;
				SWIFT_ACTIVE_COMPILATION_CONDITIONS = DEBUG;
				SWIFT_OPTIMIZATION_LEVEL = "-Onone";
			};
			name = Debug;
		};
		2A27A6D12047DFCF00A56ABF /* Release */ = {
			isa = XCBuildConfiguration;
			buildSettings = {
				ALWAYS_SEARCH_USER_PATHS = NO;
				CLANG_ANALYZER_NONNULL = YES;
				CLANG_ANALYZER_NUMBER_OBJECT_CONVERSION = YES_AGGRESSIVE;
				CLANG_CXX_LANGUAGE_STANDARD = "gnu++14";
				CLANG_CXX_LIBRARY = "libc++";
				CLANG_ENABLE_MODULES = YES;
				CLANG_ENABLE_OBJC_ARC = YES;
				CLANG_WARN_BLOCK_CAPTURE_AUTORELEASING = YES;
				CLANG_WARN_BOOL_CONVERSION = YES;
				CLANG_WARN_COMMA = YES;
				CLANG_WARN_CONSTANT_CONVERSION = YES;
				CLANG_WARN_DIRECT_OBJC_ISA_USAGE = YES_ERROR;
				CLANG_WARN_DOCUMENTATION_COMMENTS = YES;
				CLANG_WARN_EMPTY_BODY = YES;
				CLANG_WARN_ENUM_CONVERSION = YES;
				CLANG_WARN_INFINITE_RECURSION = YES;
				CLANG_WARN_INT_CONVERSION = YES;
				CLANG_WARN_NON_LITERAL_NULL_CONVERSION = YES;
				CLANG_WARN_OBJC_LITERAL_CONVERSION = YES;
				CLANG_WARN_OBJC_ROOT_CLASS = YES_ERROR;
				CLANG_WARN_RANGE_LOOP_ANALYSIS = YES;
				CLANG_WARN_STRICT_PROTOTYPES = YES;
				CLANG_WARN_SUSPICIOUS_MOVE = YES;
				CLANG_WARN_UNGUARDED_AVAILABILITY = YES_AGGRESSIVE;
				CLANG_WARN_UNREACHABLE_CODE = YES;
				CLANG_WARN__DUPLICATE_METHOD_MATCH = YES;
				CODE_SIGN_IDENTITY = "iPhone Developer";
				COPY_PHASE_STRIP = NO;
				DEBUG_INFORMATION_FORMAT = "dwarf-with-dsym";
				ENABLE_NS_ASSERTIONS = NO;
				ENABLE_STRICT_OBJC_MSGSEND = YES;
				GCC_C_LANGUAGE_STANDARD = gnu11;
				GCC_NO_COMMON_BLOCKS = YES;
				GCC_WARN_64_TO_32_BIT_CONVERSION = YES;
				GCC_WARN_ABOUT_RETURN_TYPE = YES_ERROR;
				GCC_WARN_UNDECLARED_SELECTOR = YES;
				GCC_WARN_UNINITIALIZED_AUTOS = YES_AGGRESSIVE;
				GCC_WARN_UNUSED_FUNCTION = YES;
				GCC_WARN_UNUSED_VARIABLE = YES;
				IPHONEOS_DEPLOYMENT_TARGET = 11.2;
				MTL_ENABLE_DEBUG_INFO = NO;
				SDKROOT = iphoneos;
				SWIFT_OPTIMIZATION_LEVEL = "-Owholemodule";
				VALIDATE_PRODUCT = YES;
			};
			name = Release;
		};
		2A27A6D32047DFCF00A56ABF /* Debug */ = {
			isa = XCBuildConfiguration;
			baseConfigurationReference = 777AA2F1DF6AC60A67B7DEC9 /* Pods-iosrealcom.debug.xcconfig */;
			buildSettings = {
				ASSETCATALOG_COMPILER_APPICON_NAME = AppIcon;
				CODE_SIGN_STYLE = Automatic;
				DEVELOPMENT_TEAM = JAWB2S5NHB;
				INFOPLIST_FILE = iosrealcom/Info.plist;
				IPHONEOS_DEPLOYMENT_TARGET = 9.3;
				LD_RUNPATH_SEARCH_PATHS = "$(inherited) @executable_path/Frameworks";
				PRODUCT_BUNDLE_IDENTIFIER = com.nearhop.realcom.iosrealcom;
				PRODUCT_NAME = "$(TARGET_NAME)";
				SWIFT_VERSION = 4.0;
				TARGETED_DEVICE_FAMILY = "1,2";
			};
			name = Debug;
		};
		2A27A6D42047DFCF00A56ABF /* Release */ = {
			isa = XCBuildConfiguration;
			baseConfigurationReference = 314D3A035EA507D5D45A148D /* Pods-iosrealcom.release.xcconfig */;
			buildSettings = {
				ASSETCATALOG_COMPILER_APPICON_NAME = AppIcon;
				CODE_SIGN_STYLE = Automatic;
				DEVELOPMENT_TEAM = JAWB2S5NHB;
				INFOPLIST_FILE = iosrealcom/Info.plist;
				IPHONEOS_DEPLOYMENT_TARGET = 9.3;
				LD_RUNPATH_SEARCH_PATHS = "$(inherited) @executable_path/Frameworks";
				PRODUCT_BUNDLE_IDENTIFIER = com.nearhop.realcom.iosrealcom;
				PRODUCT_NAME = "$(TARGET_NAME)";
				SWIFT_VERSION = 4.0;
				TARGETED_DEVICE_FAMILY = "1,2";
			};
			name = Release;
		};
/* End XCBuildConfiguration section */

/* Begin XCConfigurationList section */
		2A27A6B82047DFCF00A56ABF /* Build configuration list for PBXProject "iosrealcom" */ = {
			isa = XCConfigurationList;
			buildConfigurations = (
				2A27A6D02047DFCF00A56ABF /* Debug */,
				2A27A6D12047DFCF00A56ABF /* Release */,
			);
			defaultConfigurationIsVisible = 0;
			defaultConfigurationName = Release;
		};
		2A27A6D22047DFCF00A56ABF /* Build configuration list for PBXNativeTarget "iosrealcom" */ = {
			isa = XCConfigurationList;
			buildConfigurations = (
				2A27A6D32047DFCF00A56ABF /* Debug */,
				2A27A6D42047DFCF00A56ABF /* Release */,
			);
			defaultConfigurationIsVisible = 0;
			defaultConfigurationName = Release;
		};
/* End XCConfigurationList section */

/* Begin XCVersionGroup section */
		2A27A6C72047DFCF00A56ABF /* iosrealcom.xcdatamodeld */ = {
			isa = XCVersionGroup;
			children = (
				2A27A6C82047DFCF00A56ABF /* iosrealcom.xcdatamodel */,
			);
			currentVersion = 2A27A6C82047DFCF00A56ABF /* iosrealcom.xcdatamodel */;
			path = iosrealcom.xcdatamodeld;
			sourceTree = "<group>";
			versionGroupType = wrapper.xcdatamodel;
		};
/* End XCVersionGroup section */
	};
	rootObject = 2A27A6B52047DFCF00A56ABF /* Project object */;
}
